// !$*UTF8*$!
{
	archiveVersion = 1;
	classes = {
	};
	objectVersion = 46;
	objects = {

/* Begin PBXBuildFile section */
		3B1B4CAF1B718076007B0FAF /* Timer.m in Sources */ = {isa = PBXBuildFile; fileRef = 3B1B4CAE1B718076007B0FAF /* Timer.m */; };
		3B1B4CB71B725DE0007B0FAF /* Athlete.m in Sources */ = {isa = PBXBuildFile; fileRef = 3B1B4CB61B725DE0007B0FAF /* Athlete.m */; };
		3B7E25E91B727605002FDA0A /* TimerViewCell.m in Sources */ = {isa = PBXBuildFile; fileRef = 3B7E25E71B727605002FDA0A /* TimerViewCell.m */; };
		3B7E25EA1B727605002FDA0A /* TimerViewCell.xib in Resources */ = {isa = PBXBuildFile; fileRef = 3B7E25E81B727605002FDA0A /* TimerViewCell.xib */; };
		3B7E25ED1B72D2F0002FDA0A /* Split.m in Sources */ = {isa = PBXBuildFile; fileRef = 3B7E25EC1B72D2F0002FDA0A /* Split.m */; };
		3B8897821B701AE300BEBEA0 /* main.m in Sources */ = {isa = PBXBuildFile; fileRef = 3B8897811B701AE300BEBEA0 /* main.m */; };
		3B8897851B701AE300BEBEA0 /* AppDelegate.m in Sources */ = {isa = PBXBuildFile; fileRef = 3B8897841B701AE300BEBEA0 /* AppDelegate.m */; };
		3B88978D1B701AE300BEBEA0 /* Images.xcassets in Resources */ = {isa = PBXBuildFile; fileRef = 3B88978C1B701AE300BEBEA0 /* Images.xcassets */; };
		3B88979C1B701AE400BEBEA0 /* TeamTrackIOSTests.m in Sources */ = {isa = PBXBuildFile; fileRef = 3B88979B1B701AE400BEBEA0 /* TeamTrackIOSTests.m */; };
		3B8897AA1B701DDE00BEBEA0 /* ViewController.m in Sources */ = {isa = PBXBuildFile; fileRef = 3B8897A81B701DDE00BEBEA0 /* ViewController.m */; };
		3B8897AB1B701DDE00BEBEA0 /* ViewController.xib in Resources */ = {isa = PBXBuildFile; fileRef = 3B8897A91B701DDE00BEBEA0 /* ViewController.xib */; };
		3B951E361B823C8D00FE3EB9 /* ResultsViewController.m in Sources */ = {isa = PBXBuildFile; fileRef = 3B951E341B823C8D00FE3EB9 /* ResultsViewController.m */; };
		3B951E371B823C8D00FE3EB9 /* ResultsViewController.xib in Resources */ = {isa = PBXBuildFile; fileRef = 3B951E351B823C8D00FE3EB9 /* ResultsViewController.xib */; };
		3B951E3B1B824D3F00FE3EB9 /* ResultParentViewCell.m in Sources */ = {isa = PBXBuildFile; fileRef = 3B951E391B824D3F00FE3EB9 /* ResultParentViewCell.m */; };
		3B951E3C1B824D3F00FE3EB9 /* ResultParentViewCell.xib in Resources */ = {isa = PBXBuildFile; fileRef = 3B951E3A1B824D3F00FE3EB9 /* ResultParentViewCell.xib */; };
		3B9747401B7E1D4A0088A9D0 /* CreateWorkoutViewController.m in Sources */ = {isa = PBXBuildFile; fileRef = 3B97473E1B7E1D4A0088A9D0 /* CreateWorkoutViewController.m */; };
		3B9747411B7E1D4A0088A9D0 /* CreateWorkoutViewController.xib in Resources */ = {isa = PBXBuildFile; fileRef = 3B97473F1B7E1D4A0088A9D0 /* CreateWorkoutViewController.xib */; };
		3B9747441B7E44840088A9D0 /* PostToServer.m in Sources */ = {isa = PBXBuildFile; fileRef = 3B9747431B7E44840088A9D0 /* PostToServer.m */; };
		3BE2F0EA1B7A76D700E770F1 /* AthleteSelectViewController.m in Sources */ = {isa = PBXBuildFile; fileRef = 3BE2F0E81B7A76D700E770F1 /* AthleteSelectViewController.m */; };
		3BE2F0EB1B7A76D700E770F1 /* AthleteSelectViewController.xib in Resources */ = {isa = PBXBuildFile; fileRef = 3BE2F0E91B7A76D700E770F1 /* AthleteSelectViewController.xib */; };
		3BE2F0EF1B7A78B100E770F1 /* AthleteSelectViewCell.m in Sources */ = {isa = PBXBuildFile; fileRef = 3BE2F0ED1B7A78B100E770F1 /* AthleteSelectViewCell.m */; };
		3BE2F0F01B7A78B100E770F1 /* AthleteSelectViewCell.xib in Resources */ = {isa = PBXBuildFile; fileRef = 3BE2F0EE1B7A78B100E770F1 /* AthleteSelectViewCell.xib */; };
		3BF313B61B84E129008E2BD6 /* LaunchScreen.xib in Resources */ = {isa = PBXBuildFile; fileRef = 3BF313B51B84E129008E2BD6 /* LaunchScreen.xib */; };
/* End PBXBuildFile section */

/* Begin PBXContainerItemProxy section */
		3B8897961B701AE400BEBEA0 /* PBXContainerItemProxy */ = {
			isa = PBXContainerItemProxy;
			containerPortal = 3B8897741B701AE300BEBEA0 /* Project object */;
			proxyType = 1;
			remoteGlobalIDString = 3B88977B1B701AE300BEBEA0;
			remoteInfo = TeamTrackIOS;
		};
/* End PBXContainerItemProxy section */

/* Begin PBXFileReference section */
		3B1B4CAD1B718076007B0FAF /* Timer.h */ = {isa = PBXFileReference; fileEncoding = 4; lastKnownFileType = sourcecode.c.h; path = Timer.h; sourceTree = "<group>"; };
		3B1B4CAE1B718076007B0FAF /* Timer.m */ = {isa = PBXFileReference; fileEncoding = 4; lastKnownFileType = sourcecode.c.objc; path = Timer.m; sourceTree = "<group>"; };
		3B1B4CB51B725DE0007B0FAF /* Athlete.h */ = {isa = PBXFileReference; fileEncoding = 4; lastKnownFileType = sourcecode.c.h; path = Athlete.h; sourceTree = "<group>"; };
		3B1B4CB61B725DE0007B0FAF /* Athlete.m */ = {isa = PBXFileReference; fileEncoding = 4; lastKnownFileType = sourcecode.c.objc; path = Athlete.m; sourceTree = "<group>"; };
		3B7E25E61B727605002FDA0A /* TimerViewCell.h */ = {isa = PBXFileReference; fileEncoding = 4; lastKnownFileType = sourcecode.c.h; name = TimerViewCell.h; path = ../TimerViewCell.h; sourceTree = "<group>"; };
		3B7E25E71B727605002FDA0A /* TimerViewCell.m */ = {isa = PBXFileReference; fileEncoding = 4; lastKnownFileType = sourcecode.c.objc; name = TimerViewCell.m; path = ../TimerViewCell.m; sourceTree = "<group>"; };
		3B7E25E81B727605002FDA0A /* TimerViewCell.xib */ = {isa = PBXFileReference; fileEncoding = 4; lastKnownFileType = file.xib; name = TimerViewCell.xib; path = ../TimerViewCell.xib; sourceTree = "<group>"; };
		3B7E25EB1B72D2F0002FDA0A /* Split.h */ = {isa = PBXFileReference; fileEncoding = 4; lastKnownFileType = sourcecode.c.h; path = Split.h; sourceTree = "<group>"; };
		3B7E25EC1B72D2F0002FDA0A /* Split.m */ = {isa = PBXFileReference; fileEncoding = 4; lastKnownFileType = sourcecode.c.objc; path = Split.m; sourceTree = "<group>"; };
		3B88977C1B701AE300BEBEA0 /* TeamTrackIOS.app */ = {isa = PBXFileReference; explicitFileType = wrapper.application; includeInIndex = 0; path = TeamTrackIOS.app; sourceTree = BUILT_PRODUCTS_DIR; };
		3B8897801B701AE300BEBEA0 /* Info.plist */ = {isa = PBXFileReference; lastKnownFileType = text.plist.xml; path = Info.plist; sourceTree = "<group>"; };
		3B8897811B701AE300BEBEA0 /* main.m */ = {isa = PBXFileReference; lastKnownFileType = sourcecode.c.objc; path = main.m; sourceTree = "<group>"; };
		3B8897831B701AE300BEBEA0 /* AppDelegate.h */ = {isa = PBXFileReference; lastKnownFileType = sourcecode.c.h; path = AppDelegate.h; sourceTree = "<group>"; };
		3B8897841B701AE300BEBEA0 /* AppDelegate.m */ = {isa = PBXFileReference; lastKnownFileType = sourcecode.c.objc; path = AppDelegate.m; sourceTree = "<group>"; };
		3B88978C1B701AE300BEBEA0 /* Images.xcassets */ = {isa = PBXFileReference; lastKnownFileType = folder.assetcatalog; path = Images.xcassets; sourceTree = "<group>"; };
		3B8897951B701AE400BEBEA0 /* TeamTrackIOSTests.xctest */ = {isa = PBXFileReference; explicitFileType = wrapper.cfbundle; includeInIndex = 0; path = TeamTrackIOSTests.xctest; sourceTree = BUILT_PRODUCTS_DIR; };
		3B88979A1B701AE400BEBEA0 /* Info.plist */ = {isa = PBXFileReference; lastKnownFileType = text.plist.xml; path = Info.plist; sourceTree = "<group>"; };
		3B88979B1B701AE400BEBEA0 /* TeamTrackIOSTests.m */ = {isa = PBXFileReference; lastKnownFileType = sourcecode.c.objc; path = TeamTrackIOSTests.m; sourceTree = "<group>"; };
		3B8897A71B701DDE00BEBEA0 /* ViewController.h */ = {isa = PBXFileReference; fileEncoding = 4; lastKnownFileType = sourcecode.c.h; path = ViewController.h; sourceTree = "<group>"; };
		3B8897A81B701DDE00BEBEA0 /* ViewController.m */ = {isa = PBXFileReference; fileEncoding = 4; lastKnownFileType = sourcecode.c.objc; path = ViewController.m; sourceTree = "<group>"; };
		3B8897A91B701DDE00BEBEA0 /* ViewController.xib */ = {isa = PBXFileReference; fileEncoding = 4; lastKnownFileType = file.xib; path = ViewController.xib; sourceTree = "<group>"; };
		3B951E331B823C8D00FE3EB9 /* ResultsViewController.h */ = {isa = PBXFileReference; fileEncoding = 4; lastKnownFileType = sourcecode.c.h; path = ResultsViewController.h; sourceTree = "<group>"; };
		3B951E341B823C8D00FE3EB9 /* ResultsViewController.m */ = {isa = PBXFileReference; fileEncoding = 4; lastKnownFileType = sourcecode.c.objc; path = ResultsViewController.m; sourceTree = "<group>"; };
		3B951E351B823C8D00FE3EB9 /* ResultsViewController.xib */ = {isa = PBXFileReference; fileEncoding = 4; lastKnownFileType = file.xib; path = ResultsViewController.xib; sourceTree = "<group>"; };
		3B951E381B824D3F00FE3EB9 /* ResultParentViewCell.h */ = {isa = PBXFileReference; fileEncoding = 4; lastKnownFileType = sourcecode.c.h; path = ResultParentViewCell.h; sourceTree = "<group>"; };
		3B951E391B824D3F00FE3EB9 /* ResultParentViewCell.m */ = {isa = PBXFileReference; fileEncoding = 4; lastKnownFileType = sourcecode.c.objc; path = ResultParentViewCell.m; sourceTree = "<group>"; };
		3B951E3A1B824D3F00FE3EB9 /* ResultParentViewCell.xib */ = {isa = PBXFileReference; fileEncoding = 4; lastKnownFileType = file.xib; path = ResultParentViewCell.xib; sourceTree = "<group>"; };
		3B97473D1B7E1D4A0088A9D0 /* CreateWorkoutViewController.h */ = {isa = PBXFileReference; fileEncoding = 4; lastKnownFileType = sourcecode.c.h; path = CreateWorkoutViewController.h; sourceTree = "<group>"; };
		3B97473E1B7E1D4A0088A9D0 /* CreateWorkoutViewController.m */ = {isa = PBXFileReference; fileEncoding = 4; lastKnownFileType = sourcecode.c.objc; path = CreateWorkoutViewController.m; sourceTree = "<group>"; };
		3B97473F1B7E1D4A0088A9D0 /* CreateWorkoutViewController.xib */ = {isa = PBXFileReference; fileEncoding = 4; lastKnownFileType = file.xib; path = CreateWorkoutViewController.xib; sourceTree = "<group>"; };
		3B9747421B7E44840088A9D0 /* PostToServer.h */ = {isa = PBXFileReference; fileEncoding = 4; lastKnownFileType = sourcecode.c.h; path = PostToServer.h; sourceTree = "<group>"; };
		3B9747431B7E44840088A9D0 /* PostToServer.m */ = {isa = PBXFileReference; fileEncoding = 4; lastKnownFileType = sourcecode.c.objc; path = PostToServer.m; sourceTree = "<group>"; };
		3BE2F0E71B7A76D700E770F1 /* AthleteSelectViewController.h */ = {isa = PBXFileReference; fileEncoding = 4; lastKnownFileType = sourcecode.c.h; path = AthleteSelectViewController.h; sourceTree = "<group>"; };
		3BE2F0E81B7A76D700E770F1 /* AthleteSelectViewController.m */ = {isa = PBXFileReference; fileEncoding = 4; lastKnownFileType = sourcecode.c.objc; path = AthleteSelectViewController.m; sourceTree = "<group>"; };
		3BE2F0E91B7A76D700E770F1 /* AthleteSelectViewController.xib */ = {isa = PBXFileReference; fileEncoding = 4; lastKnownFileType = file.xib; path = AthleteSelectViewController.xib; sourceTree = "<group>"; };
		3BE2F0EC1B7A78B100E770F1 /* AthleteSelectViewCell.h */ = {isa = PBXFileReference; fileEncoding = 4; lastKnownFileType = sourcecode.c.h; path = AthleteSelectViewCell.h; sourceTree = "<group>"; };
		3BE2F0ED1B7A78B100E770F1 /* AthleteSelectViewCell.m */ = {isa = PBXFileReference; fileEncoding = 4; lastKnownFileType = sourcecode.c.objc; path = AthleteSelectViewCell.m; sourceTree = "<group>"; };
		3BE2F0EE1B7A78B100E770F1 /* AthleteSelectViewCell.xib */ = {isa = PBXFileReference; fileEncoding = 4; lastKnownFileType = file.xib; path = AthleteSelectViewCell.xib; sourceTree = "<group>"; };
		3BF313B51B84E129008E2BD6 /* LaunchScreen.xib */ = {isa = PBXFileReference; fileEncoding = 4; lastKnownFileType = file.xib; path = LaunchScreen.xib; sourceTree = "<group>"; };
/* End PBXFileReference section */

/* Begin PBXFrameworksBuildPhase section */
		3B8897791B701AE300BEBEA0 /* Frameworks */ = {
			isa = PBXFrameworksBuildPhase;
			buildActionMask = 2147483647;
			files = (
			);
			runOnlyForDeploymentPostprocessing = 0;
		};
		3B8897921B701AE400BEBEA0 /* Frameworks */ = {
			isa = PBXFrameworksBuildPhase;
			buildActionMask = 2147483647;
			files = (
			);
			runOnlyForDeploymentPostprocessing = 0;
		};
/* End PBXFrameworksBuildPhase section */

/* Begin PBXGroup section */
		3B8897731B701AE300BEBEA0 = {
			isa = PBXGroup;
			children = (
				3B88977E1B701AE300BEBEA0 /* TeamTrackIOS */,
				3B8897981B701AE400BEBEA0 /* TeamTrackIOSTests */,
				3B88977D1B701AE300BEBEA0 /* Products */,
			);
			sourceTree = "<group>";
		};
		3B88977D1B701AE300BEBEA0 /* Products */ = {
			isa = PBXGroup;
			children = (
				3B88977C1B701AE300BEBEA0 /* TeamTrackIOS.app */,
				3B8897951B701AE400BEBEA0 /* TeamTrackIOSTests.xctest */,
			);
			name = Products;
			sourceTree = "<group>";
		};
		3B88977E1B701AE300BEBEA0 /* TeamTrackIOS */ = {
			isa = PBXGroup;
			children = (
				3B8897831B701AE300BEBEA0 /* AppDelegate.h */,
				3B8897841B701AE300BEBEA0 /* AppDelegate.m */,
				3BF313B51B84E129008E2BD6 /* LaunchScreen.xib */,
				3BE2F0E71B7A76D700E770F1 /* AthleteSelectViewController.h */,
				3BE2F0E81B7A76D700E770F1 /* AthleteSelectViewController.m */,
				3BE2F0E91B7A76D700E770F1 /* AthleteSelectViewController.xib */,
				3B9747421B7E44840088A9D0 /* PostToServer.h */,
				3B9747431B7E44840088A9D0 /* PostToServer.m */,
				3B97473D1B7E1D4A0088A9D0 /* CreateWorkoutViewController.h */,
				3B97473E1B7E1D4A0088A9D0 /* CreateWorkoutViewController.m */,
				3B97473F1B7E1D4A0088A9D0 /* CreateWorkoutViewController.xib */,
				3B8897A71B701DDE00BEBEA0 /* ViewController.h */,
				3B8897A81B701DDE00BEBEA0 /* ViewController.m */,
				3B8897A91B701DDE00BEBEA0 /* ViewController.xib */,
				3B951E331B823C8D00FE3EB9 /* ResultsViewController.h */,
				3B951E341B823C8D00FE3EB9 /* ResultsViewController.m */,
				3B951E351B823C8D00FE3EB9 /* ResultsViewController.xib */,
				3B7E25EB1B72D2F0002FDA0A /* Split.h */,
				3B7E25EC1B72D2F0002FDA0A /* Split.m */,
				3B1B4CB51B725DE0007B0FAF /* Athlete.h */,
				3B1B4CB61B725DE0007B0FAF /* Athlete.m */,
				3B1B4CAD1B718076007B0FAF /* Timer.h */,
				3B1B4CAE1B718076007B0FAF /* Timer.m */,
				3B951E381B824D3F00FE3EB9 /* ResultParentViewCell.h */,
				3B951E391B824D3F00FE3EB9 /* ResultParentViewCell.m */,
				3B951E3A1B824D3F00FE3EB9 /* ResultParentViewCell.xib */,
				3B7E25E61B727605002FDA0A /* TimerViewCell.h */,
				3B7E25E71B727605002FDA0A /* TimerViewCell.m */,
				3B7E25E81B727605002FDA0A /* TimerViewCell.xib */,
				3BE2F0EC1B7A78B100E770F1 /* AthleteSelectViewCell.h */,
				3BE2F0ED1B7A78B100E770F1 /* AthleteSelectViewCell.m */,
				3BE2F0EE1B7A78B100E770F1 /* AthleteSelectViewCell.xib */,
				3B88978C1B701AE300BEBEA0 /* Images.xcassets */,
				3B88977F1B701AE300BEBEA0 /* Supporting Files */,
			);
			path = TeamTrackIOS;
			sourceTree = "<group>";
		};
		3B88977F1B701AE300BEBEA0 /* Supporting Files */ = {
			isa = PBXGroup;
			children = (
				3B8897801B701AE300BEBEA0 /* Info.plist */,
				3B8897811B701AE300BEBEA0 /* main.m */,
			);
			name = "Supporting Files";
			sourceTree = "<group>";
		};
		3B8897981B701AE400BEBEA0 /* TeamTrackIOSTests */ = {
			isa = PBXGroup;
			children = (
				3B88979B1B701AE400BEBEA0 /* TeamTrackIOSTests.m */,
				3B8897991B701AE400BEBEA0 /* Supporting Files */,
			);
			path = TeamTrackIOSTests;
			sourceTree = "<group>";
		};
		3B8897991B701AE400BEBEA0 /* Supporting Files */ = {
			isa = PBXGroup;
			children = (
				3B88979A1B701AE400BEBEA0 /* Info.plist */,
			);
			name = "Supporting Files";
			sourceTree = "<group>";
		};
/* End PBXGroup section */

/* Begin PBXNativeTarget section */
		3B88977B1B701AE300BEBEA0 /* TeamTrackIOS */ = {
			isa = PBXNativeTarget;
			buildConfigurationList = 3B88979F1B701AE400BEBEA0 /* Build configuration list for PBXNativeTarget "TeamTrackIOS" */;
			buildPhases = (
				3B8897781B701AE300BEBEA0 /* Sources */,
				3B8897791B701AE300BEBEA0 /* Frameworks */,
				3B88977A1B701AE300BEBEA0 /* Resources */,
			);
			buildRules = (
			);
			dependencies = (
			);
			name = TeamTrackIOS;
			productName = TeamTrackIOS;
			productReference = 3B88977C1B701AE300BEBEA0 /* TeamTrackIOS.app */;
			productType = "com.apple.product-type.application";
		};
		3B8897941B701AE400BEBEA0 /* TeamTrackIOSTests */ = {
			isa = PBXNativeTarget;
			buildConfigurationList = 3B8897A21B701AE400BEBEA0 /* Build configuration list for PBXNativeTarget "TeamTrackIOSTests" */;
			buildPhases = (
				3B8897911B701AE400BEBEA0 /* Sources */,
				3B8897921B701AE400BEBEA0 /* Frameworks */,
				3B8897931B701AE400BEBEA0 /* Resources */,
			);
			buildRules = (
			);
			dependencies = (
				3B8897971B701AE400BEBEA0 /* PBXTargetDependency */,
			);
			name = TeamTrackIOSTests;
			productName = TeamTrackIOSTests;
			productReference = 3B8897951B701AE400BEBEA0 /* TeamTrackIOSTests.xctest */;
			productType = "com.apple.product-type.bundle.unit-test";
		};
/* End PBXNativeTarget section */

/* Begin PBXProject section */
		3B8897741B701AE300BEBEA0 /* Project object */ = {
			isa = PBXProject;
			attributes = {
				LastUpgradeCheck = 0640;
				ORGANIZATIONNAME = "Colin Cole";
				TargetAttributes = {
					3B88977B1B701AE300BEBEA0 = {
						CreatedOnToolsVersion = 6.4;
					};
					3B8897941B701AE400BEBEA0 = {
						CreatedOnToolsVersion = 6.4;
						TestTargetID = 3B88977B1B701AE300BEBEA0;
					};
				};
			};
			buildConfigurationList = 3B8897771B701AE300BEBEA0 /* Build configuration list for PBXProject "TeamTrackIOS" */;
			compatibilityVersion = "Xcode 3.2";
			developmentRegion = English;
			hasScannedForEncodings = 0;
			knownRegions = (
				en,
				Base,
			);
			mainGroup = 3B8897731B701AE300BEBEA0;
			productRefGroup = 3B88977D1B701AE300BEBEA0 /* Products */;
			projectDirPath = "";
			projectRoot = "";
			targets = (
				3B88977B1B701AE300BEBEA0 /* TeamTrackIOS */,
				3B8897941B701AE400BEBEA0 /* TeamTrackIOSTests */,
			);
		};
/* End PBXProject section */

/* Begin PBXResourcesBuildPhase section */
		3B88977A1B701AE300BEBEA0 /* Resources */ = {
			isa = PBXResourcesBuildPhase;
			buildActionMask = 2147483647;
			files = (
				3B951E371B823C8D00FE3EB9 /* ResultsViewController.xib in Resources */,
				3B8897AB1B701DDE00BEBEA0 /* ViewController.xib in Resources */,
				3B7E25EA1B727605002FDA0A /* TimerViewCell.xib in Resources */,
				3B9747411B7E1D4A0088A9D0 /* CreateWorkoutViewController.xib in Resources */,
				3BE2F0EB1B7A76D700E770F1 /* AthleteSelectViewController.xib in Resources */,
				3B951E3C1B824D3F00FE3EB9 /* ResultParentViewCell.xib in Resources */,
				3BE2F0F01B7A78B100E770F1 /* AthleteSelectViewCell.xib in Resources */,
				3BF313B61B84E129008E2BD6 /* LaunchScreen.xib in Resources */,
				3B88978D1B701AE300BEBEA0 /* Images.xcassets in Resources */,
			);
			runOnlyForDeploymentPostprocessing = 0;
		};
		3B8897931B701AE400BEBEA0 /* Resources */ = {
			isa = PBXResourcesBuildPhase;
			buildActionMask = 2147483647;
			files = (
			);
			runOnlyForDeploymentPostprocessing = 0;
		};
/* End PBXResourcesBuildPhase section */

/* Begin PBXSourcesBuildPhase section */
		3B8897781B701AE300BEBEA0 /* Sources */ = {
			isa = PBXSourcesBuildPhase;
			buildActionMask = 2147483647;
			files = (
				3B1B4CAF1B718076007B0FAF /* Timer.m in Sources */,
				3B8897AA1B701DDE00BEBEA0 /* ViewController.m in Sources */,
				3B7E25ED1B72D2F0002FDA0A /* Split.m in Sources */,
				3B951E361B823C8D00FE3EB9 /* ResultsViewController.m in Sources */,
				3B1B4CB71B725DE0007B0FAF /* Athlete.m in Sources */,
				3BE2F0EF1B7A78B100E770F1 /* AthleteSelectViewCell.m in Sources */,
				3B7E25E91B727605002FDA0A /* TimerViewCell.m in Sources */,
				3B9747401B7E1D4A0088A9D0 /* CreateWorkoutViewController.m in Sources */,
				3B9747441B7E44840088A9D0 /* PostToServer.m in Sources */,
				3B8897851B701AE300BEBEA0 /* AppDelegate.m in Sources */,
				3BE2F0EA1B7A76D700E770F1 /* AthleteSelectViewController.m in Sources */,
				3B951E3B1B824D3F00FE3EB9 /* ResultParentViewCell.m in Sources */,
				3B8897821B701AE300BEBEA0 /* main.m in Sources */,
			);
			runOnlyForDeploymentPostprocessing = 0;
		};
		3B8897911B701AE400BEBEA0 /* Sources */ = {
			isa = PBXSourcesBuildPhase;
			buildActionMask = 2147483647;
			files = (
				3B88979C1B701AE400BEBEA0 /* TeamTrackIOSTests.m in Sources */,
			);
			runOnlyForDeploymentPostprocessing = 0;
		};
/* End PBXSourcesBuildPhase section */

/* Begin PBXTargetDependency section */
		3B8897971B701AE400BEBEA0 /* PBXTargetDependency */ = {
			isa = PBXTargetDependency;
			target = 3B88977B1B701AE300BEBEA0 /* TeamTrackIOS */;
			targetProxy = 3B8897961B701AE400BEBEA0 /* PBXContainerItemProxy */;
		};
/* End PBXTargetDependency section */

/* Begin XCBuildConfiguration section */
		3B88979D1B701AE400BEBEA0 /* Debug */ = {
			isa = XCBuildConfiguration;
			buildSettings = {
				ALWAYS_SEARCH_USER_PATHS = NO;
				CLANG_CXX_LANGUAGE_STANDARD = "gnu++0x";
				CLANG_CXX_LIBRARY = "libc++";
				CLANG_ENABLE_MODULES = YES;
				CLANG_ENABLE_OBJC_ARC = YES;
				CLANG_WARN_BOOL_CONVERSION = YES;
				CLANG_WARN_CONSTANT_CONVERSION = YES;
				CLANG_WARN_DIRECT_OBJC_ISA_USAGE = YES_ERROR;
				CLANG_WARN_EMPTY_BODY = YES;
				CLANG_WARN_ENUM_CONVERSION = YES;
				CLANG_WARN_INT_CONVERSION = YES;
				CLANG_WARN_OBJC_ROOT_CLASS = YES_ERROR;
				CLANG_WARN_UNREACHABLE_CODE = YES;
				CLANG_WARN__DUPLICATE_METHOD_MATCH = YES;
				"CODE_SIGN_IDENTITY[sdk=iphoneos*]" = "iPhone Developer";
				COPY_PHASE_STRIP = NO;
				DEBUG_INFORMATION_FORMAT = "dwarf-with-dsym";
				ENABLE_STRICT_OBJC_MSGSEND = YES;
				GCC_C_LANGUAGE_STANDARD = gnu99;
				GCC_DYNAMIC_NO_PIC = NO;
				GCC_NO_COMMON_BLOCKS = YES;
				GCC_OPTIMIZATION_LEVEL = 0;
				GCC_PREPROCESSOR_DEFINITIONS = (
					"DEBUG=1",
					"$(inherited)",
				);
				GCC_SYMBOLS_PRIVATE_EXTERN = NO;
				GCC_WARN_64_TO_32_BIT_CONVERSION = YES;
				GCC_WARN_ABOUT_RETURN_TYPE = YES_ERROR;
				GCC_WARN_UNDECLARED_SELECTOR = YES;
				GCC_WARN_UNINITIALIZED_AUTOS = YES_AGGRESSIVE;
				GCC_WARN_UNUSED_FUNCTION = YES;
				GCC_WARN_UNUSED_VARIABLE = YES;
				IPHONEOS_DEPLOYMENT_TARGET = 8.4;
				MTL_ENABLE_DEBUG_INFO = YES;
				ONLY_ACTIVE_ARCH = YES;
				SDKROOT = iphoneos;
			};
			name = Debug;
		};
		3B88979E1B701AE400BEBEA0 /* Release */ = {
			isa = XCBuildConfiguration;
			buildSettings = {
				ALWAYS_SEARCH_USER_PATHS = NO;
				CLANG_CXX_LANGUAGE_STANDARD = "gnu++0x";
				CLANG_CXX_LIBRARY = "libc++";
				CLANG_ENABLE_MODULES = YES;
				CLANG_ENABLE_OBJC_ARC = YES;
				CLANG_WARN_BOOL_CONVERSION = YES;
				CLANG_WARN_CONSTANT_CONVERSION = YES;
				CLANG_WARN_DIRECT_OBJC_ISA_USAGE = YES_ERROR;
				CLANG_WARN_EMPTY_BODY = YES;
				CLANG_WARN_ENUM_CONVERSION = YES;
				CLANG_WARN_INT_CONVERSION = YES;
				CLANG_WARN_OBJC_ROOT_CLASS = YES_ERROR;
				CLANG_WARN_UNREACHABLE_CODE = YES;
				CLANG_WARN__DUPLICATE_METHOD_MATCH = YES;
				"CODE_SIGN_IDENTITY[sdk=iphoneos*]" = "iPhone Developer";
				COPY_PHASE_STRIP = NO;
				DEBUG_INFORMATION_FORMAT = "dwarf-with-dsym";
				ENABLE_NS_ASSERTIONS = NO;
				ENABLE_STRICT_OBJC_MSGSEND = YES;
				GCC_C_LANGUAGE_STANDARD = gnu99;
				GCC_NO_COMMON_BLOCKS = YES;
				GCC_WARN_64_TO_32_BIT_CONVERSION = YES;
				GCC_WARN_ABOUT_RETURN_TYPE = YES_ERROR;
				GCC_WARN_UNDECLARED_SELECTOR = YES;
				GCC_WARN_UNINITIALIZED_AUTOS = YES_AGGRESSIVE;
				GCC_WARN_UNUSED_FUNCTION = YES;
				GCC_WARN_UNUSED_VARIABLE = YES;
				IPHONEOS_DEPLOYMENT_TARGET = 8.4;
				MTL_ENABLE_DEBUG_INFO = NO;
				SDKROOT = iphoneos;
				VALIDATE_PRODUCT = YES;
			};
			name = Release;
		};
		3B8897A01B701AE400BEBEA0 /* Debug */ = {
			isa = XCBuildConfiguration;
			buildSettings = {
				ASSETCATALOG_COMPILER_APPICON_NAME = AppIcon;
				INFOPLIST_FILE = TeamTrackIOS/Info.plist;
				LD_RUNPATH_SEARCH_PATHS = "$(inherited) @executable_path/Frameworks";
				PRODUCT_NAME = "$(TARGET_NAME)";
			};
			name = Debug;
		};
		3B8897A11B701AE400BEBEA0 /* Release */ = {
			isa = XCBuildConfiguration;
			buildSettings = {
				ASSETCATALOG_COMPILER_APPICON_NAME = AppIcon;
				INFOPLIST_FILE = TeamTrackIOS/Info.plist;
				LD_RUNPATH_SEARCH_PATHS = "$(inherited) @executable_path/Frameworks";
				PRODUCT_NAME = "$(TARGET_NAME)";
			};
			name = Release;
		};
		3B8897A31B701AE400BEBEA0 /* Debug */ = {
			isa = XCBuildConfiguration;
			buildSettings = {
				BUNDLE_LOADER = "$(TEST_HOST)";
				FRAMEWORK_SEARCH_PATHS = (
					"$(SDKROOT)/Developer/Library/Frameworks",
					"$(inherited)",
				);
				GCC_PREPROCESSOR_DEFINITIONS = (
					"DEBUG=1",
					"$(inherited)",
				);
				INFOPLIST_FILE = TeamTrackIOSTests/Info.plist;
				LD_RUNPATH_SEARCH_PATHS = "$(inherited) @executable_path/Frameworks @loader_path/Frameworks";
				PRODUCT_NAME = "$(TARGET_NAME)";
				TEST_HOST = "$(BUILT_PRODUCTS_DIR)/TeamTrackIOS.app/TeamTrackIOS";
			};
			name = Debug;
		};
		3B8897A41B701AE400BEBEA0 /* Release */ = {
			isa = XCBuildConfiguration;
			buildSettings = {
				BUNDLE_LOADER = "$(TEST_HOST)";
				FRAMEWORK_SEARCH_PATHS = (
					"$(SDKROOT)/Developer/Library/Frameworks",
					"$(inherited)",
				);
				INFOPLIST_FILE = TeamTrackIOSTests/Info.plist;
				LD_RUNPATH_SEARCH_PATHS = "$(inherited) @executable_path/Frameworks @loader_path/Frameworks";
				PRODUCT_NAME = "$(TARGET_NAME)";
				TEST_HOST = "$(BUILT_PRODUCTS_DIR)/TeamTrackIOS.app/TeamTrackIOS";
			};
			name = Release;
		};
/* End XCBuildConfiguration section */

/* Begin XCConfigurationList section */
		3B8897771B701AE300BEBEA0 /* Build configuration list for PBXProject "TeamTrackIOS" */ = {
			isa = XCConfigurationList;
			buildConfigurations = (
				3B88979D1B701AE400BEBEA0 /* Debug */,
				3B88979E1B701AE400BEBEA0 /* Release */,
			);
			defaultConfigurationIsVisible = 0;
			defaultConfigurationName = Release;
		};
		3B88979F1B701AE400BEBEA0 /* Build configuration list for PBXNativeTarget "TeamTrackIOS" */ = {
			isa = XCConfigurationList;
			buildConfigurations = (
				3B8897A01B701AE400BEBEA0 /* Debug */,
				3B8897A11B701AE400BEBEA0 /* Release */,
			);
			defaultConfigurationIsVisible = 0;
			defaultConfigurationName = Release;
		};
		3B8897A21B701AE400BEBEA0 /* Build configuration list for PBXNativeTarget "TeamTrackIOSTests" */ = {
			isa = XCConfigurationList;
			buildConfigurations = (
				3B8897A31B701AE400BEBEA0 /* Debug */,
				3B8897A41B701AE400BEBEA0 /* Release */,
			);
			defaultConfigurationIsVisible = 0;
			defaultConfigurationName = Release;
		};
/* End XCConfigurationList section */
	};
	rootObject = 3B8897741B701AE300BEBEA0 /* Project object */;
}
